
Microsoft Visual Studio Solution File, Format Version 12.00
# Visual Studio Version 17
VisualStudioVersion = 17.2.32616.157
MinimumVisualStudioVersion = 10.0.40219.1
Project("{9A19103F-16F7-4668-BE54-9A1E7A4F7556}") = "SocketDemo", "SocketDemo\SocketDemo.csproj", "{5BBC3CB3-8800-40EC-985B-B26FC7AC0CE8}"
EndProject
Project("{FAE04EC0-301F-11D3-BF4B-00C04F79EFBC}") = "ClientDemo", "ClientDemo\ClientDemo.csproj", "{3C95FCAC-22FF-48A4-8E86-CDD54A9F6086}"
EndProject
Global
	GlobalSection(SolutionConfigurationPlatforms) = preSolution
		Debug|Any CPU = Debug|Any CPU
		Release|Any CPU = Release|Any CPU
	EndGlobalSection
	GlobalSection(ProjectConfigurationPlatforms) = postSolution
		{5BBC3CB3-8800-40EC-985B-B26FC7AC0CE8}.Debug|Any CPU.ActiveCfg = Debug|Any CPU
		{5BBC3CB3-8800-40EC-985B-B26FC7AC0CE8}.Debug|Any CPU.Build.0 = Debug|Any CPU
		{5BBC3CB3-8800-40EC-985B-B26FC7AC0CE8}.Release|Any CPU.ActiveCfg = Release|Any CPU
		{5BBC3CB3-8800-40EC-985B-B26FC7AC0CE8}.Release|Any CPU.Build.0 = Release|Any CPU
		{3C95FCAC-22FF-48A4-8E86-CDD54A9F6086}.Debug|Any CPU.ActiveCfg = Debug|Any CPU
		{3C95FCAC-22FF-48A4-8E86-CDD54A9F6086}.Debug|Any CPU.Build.0 = Debug|Any CPU
		{3C95FCAC-22FF-48A4-8E86-CDD54A9F6086}.Release|Any CPU.ActiveCfg = Release|Any CPU
		{3C95FCAC-22FF-48A4-8E86-CDD54A9F6086}.Release|Any CPU.Build.0 = Release|Any CPU
	EndGlobalSection
	GlobalSection(SolutionProperties) = preSolution
		HideSolutionNode = FALSE
	EndGlobalSection
	GlobalSection(ExtensibilityGlobals) = postSolution
		SolutionGuid = {C7CE2E56-CBF7-46DA-B83E-26D332A56CB4}
	EndGlobalSection
EndGlobal
